
Microsoft Visual Studio Solution File, Format Version 12.00
# Visual Studio Version 16
VisualStudioVersion = 16.0.31605.320
MinimumVisualStudioVersion = 10.0.40219.1
Project("{F184B08F-C81C-45F6-A57F-5ABD9991F28F}") = "Factorial", "Factorial.vbproj", "{6518D783-B2C0-46B5-B54C-15AA5AAE8800}"
EndProject
Global
	GlobalSection(SolutionConfigurationPlatforms) = preSolution
		Debug|Any CPU = Debug|Any CPU
		Release|Any CPU = Release|Any CPU
	EndGlobalSection
	GlobalSection(ProjectConfigurationPlatforms) = postSolution
		{6518D783-B2C0-46B5-B54C-15AA5AAE8800}.Debug|Any CPU.ActiveCfg = Debug|Any CPU
		{6518D783-B2C0-46B5-B54C-15AA5AAE8800}.Debug|Any CPU.Build.0 = Debug|Any CPU
		{6518D783-B2C0-46B5-B54C-15AA5AAE8800}.Release|Any CPU.ActiveCfg = Release|Any CPU
		{6518D783-B2C0-46B5-B54C-15AA5AAE8800}.Release|Any CPU.Build.0 = Release|Any CPU
	EndGlobalSection
	GlobalSection(SolutionProperties) = preSolution
		HideSolutionNode = FALSE
	EndGlobalSection
	GlobalSection(ExtensibilityGlobals) = postSolution
		SolutionGuid = {136622C4-E242-4135-8C63-5CFB96489A40}
	EndGlobalSection
EndGlobal
