
Microsoft Visual Studio Solution File, Format Version 12.00
# Visual Studio Version 16
VisualStudioVersion = 16.0.31605.320
MinimumVisualStudioVersion = 10.0.40219.1
Project("{F184B08F-C81C-45F6-A57F-5ABD9991F28F}") = "addition", "addition.vbproj", "{988BF580-2498-4B40-A8EA-9D0318A944DE}"
EndProject
Global
	GlobalSection(SolutionConfigurationPlatforms) = preSolution
		Debug|Any CPU = Debug|Any CPU
		Release|Any CPU = Release|Any CPU
	EndGlobalSection
	GlobalSection(ProjectConfigurationPlatforms) = postSolution
		{988BF580-2498-4B40-A8EA-9D0318A944DE}.Debug|Any CPU.ActiveCfg = Debug|Any CPU
		{988BF580-2498-4B40-A8EA-9D0318A944DE}.Debug|Any CPU.Build.0 = Debug|Any CPU
		{988BF580-2498-4B40-A8EA-9D0318A944DE}.Release|Any CPU.ActiveCfg = Release|Any CPU
		{988BF580-2498-4B40-A8EA-9D0318A944DE}.Release|Any CPU.Build.0 = Release|Any CPU
	EndGlobalSection
	GlobalSection(SolutionProperties) = preSolution
		HideSolutionNode = FALSE
	EndGlobalSection
	GlobalSection(ExtensibilityGlobals) = postSolution
		SolutionGuid = {0425D1FC-0A65-42C5-9C34-5647B3D24647}
	EndGlobalSection
EndGlobal
