
Microsoft Visual Studio Solution File, Format Version 12.00
# Visual Studio Version 16
VisualStudioVersion = 16.0.31605.320
MinimumVisualStudioVersion = 10.0.40219.1
Project("{F184B08F-C81C-45F6-A57F-5ABD9991F28F}") = "Decisions", "Decisions.vbproj", "{926A8951-80FA-4ADB-A865-1EB6DFC12E38}"
EndProject
Global
	GlobalSection(SolutionConfigurationPlatforms) = preSolution
		Debug|Any CPU = Debug|Any CPU
		Release|Any CPU = Release|Any CPU
	EndGlobalSection
	GlobalSection(ProjectConfigurationPlatforms) = postSolution
		{926A8951-80FA-4ADB-A865-1EB6DFC12E38}.Debug|Any CPU.ActiveCfg = Debug|Any CPU
		{926A8951-80FA-4ADB-A865-1EB6DFC12E38}.Debug|Any CPU.Build.0 = Debug|Any CPU
		{926A8951-80FA-4ADB-A865-1EB6DFC12E38}.Release|Any CPU.ActiveCfg = Release|Any CPU
		{926A8951-80FA-4ADB-A865-1EB6DFC12E38}.Release|Any CPU.Build.0 = Release|Any CPU
	EndGlobalSection
	GlobalSection(SolutionProperties) = preSolution
		HideSolutionNode = FALSE
	EndGlobalSection
	GlobalSection(ExtensibilityGlobals) = postSolution
		SolutionGuid = {488299E6-6ACA-4246-85C4-93598A3C216A}
	EndGlobalSection
EndGlobal
